
Microsoft Visual Studio Solution File, Format Version 12.00
# Visual Studio 15
VisualStudioVersion = 15.0.28307.168
MinimumVisualStudioVersion = 10.0.40219.1
Project("{FAE04EC0-301F-11D3-BF4B-00C04F79EFBC}") = "NationalGames", "NationalGames\NationalGames.csproj", "{1E70E806-55B9-4BF7-A5C2-07C3BD876812}"
EndProject
Global
	GlobalSection(SolutionConfigurationPlatforms) = preSolution
		Debug|Any CPU = Debug|Any CPU
		Release|Any CPU = Release|Any CPU
	EndGlobalSection
	GlobalSection(ProjectConfigurationPlatforms) = postSolution
		{1E70E806-55B9-4BF7-A5C2-07C3BD876812}.Debug|Any CPU.ActiveCfg = Debug|Any CPU
		{1E70E806-55B9-4BF7-A5C2-07C3BD876812}.Debug|Any CPU.Build.0 = Debug|Any CPU
		{1E70E806-55B9-4BF7-A5C2-07C3BD876812}.Release|Any CPU.ActiveCfg = Release|Any CPU
		{1E70E806-55B9-4BF7-A5C2-07C3BD876812}.Release|Any CPU.Build.0 = Release|Any CPU
	EndGlobalSection
	GlobalSection(SolutionProperties) = preSolution
		HideSolutionNode = FALSE
	EndGlobalSection
	GlobalSection(ExtensibilityGlobals) = postSolution
		SolutionGuid = {4990CA67-6AFA-4E61-8CF9-5EFCA93A91A8}
	EndGlobalSection
EndGlobal
