
Microsoft Visual Studio Solution File, Format Version 12.00
# Visual Studio 15
VisualStudioVersion = 15.0.28307.168
MinimumVisualStudioVersion = 10.0.40219.1
Project("{9A19103F-16F7-4668-BE54-9A1E7A4F7556}") = "View", "NationalGames\View.csproj", "{1E70E806-55B9-4BF7-A5C2-07C3BD876812}"
EndProject
Project("{9A19103F-16F7-4668-BE54-9A1E7A4F7556}") = "BLL", "BLL\BLL.csproj", "{BE3E921A-ACD1-4022-9FCB-CBBE23505CB1}"
EndProject
Project("{9A19103F-16F7-4668-BE54-9A1E7A4F7556}") = "DAL", "DAL\DAL.csproj", "{B0FDF4BC-9347-4244-A818-F01629AC2987}"
EndProject
Project("{9A19103F-16F7-4668-BE54-9A1E7A4F7556}") = "BLLTEST", "BLLTEST\BLLTEST.csproj", "{3DC11F41-8ACE-4FE7-899C-6ABA771759DC}"
EndProject
Project("{FAE04EC0-301F-11D3-BF4B-00C04F79EFBC}") = "DALTEST", "DALTEST\DALTEST.csproj", "{5FA14375-569F-4DFB-A5CA-DB3148F9ABF7}"
EndProject
Global
	GlobalSection(SolutionConfigurationPlatforms) = preSolution
		Debug|Any CPU = Debug|Any CPU
		Release|Any CPU = Release|Any CPU
	EndGlobalSection
	GlobalSection(ProjectConfigurationPlatforms) = postSolution
		{1E70E806-55B9-4BF7-A5C2-07C3BD876812}.Debug|Any CPU.ActiveCfg = Debug|Any CPU
		{1E70E806-55B9-4BF7-A5C2-07C3BD876812}.Debug|Any CPU.Build.0 = Debug|Any CPU
		{1E70E806-55B9-4BF7-A5C2-07C3BD876812}.Release|Any CPU.ActiveCfg = Release|Any CPU
		{1E70E806-55B9-4BF7-A5C2-07C3BD876812}.Release|Any CPU.Build.0 = Release|Any CPU
		{BE3E921A-ACD1-4022-9FCB-CBBE23505CB1}.Debug|Any CPU.ActiveCfg = Debug|Any CPU
		{BE3E921A-ACD1-4022-9FCB-CBBE23505CB1}.Debug|Any CPU.Build.0 = Debug|Any CPU
		{BE3E921A-ACD1-4022-9FCB-CBBE23505CB1}.Release|Any CPU.ActiveCfg = Release|Any CPU
		{BE3E921A-ACD1-4022-9FCB-CBBE23505CB1}.Release|Any CPU.Build.0 = Release|Any CPU
		{B0FDF4BC-9347-4244-A818-F01629AC2987}.Debug|Any CPU.ActiveCfg = Debug|Any CPU
		{B0FDF4BC-9347-4244-A818-F01629AC2987}.Debug|Any CPU.Build.0 = Debug|Any CPU
		{B0FDF4BC-9347-4244-A818-F01629AC2987}.Release|Any CPU.ActiveCfg = Release|Any CPU
		{B0FDF4BC-9347-4244-A818-F01629AC2987}.Release|Any CPU.Build.0 = Release|Any CPU
		{3DC11F41-8ACE-4FE7-899C-6ABA771759DC}.Debug|Any CPU.ActiveCfg = Debug|Any CPU
		{3DC11F41-8ACE-4FE7-899C-6ABA771759DC}.Debug|Any CPU.Build.0 = Debug|Any CPU
		{3DC11F41-8ACE-4FE7-899C-6ABA771759DC}.Release|Any CPU.ActiveCfg = Release|Any CPU
		{3DC11F41-8ACE-4FE7-899C-6ABA771759DC}.Release|Any CPU.Build.0 = Release|Any CPU
		{5FA14375-569F-4DFB-A5CA-DB3148F9ABF7}.Debug|Any CPU.ActiveCfg = Debug|Any CPU
		{5FA14375-569F-4DFB-A5CA-DB3148F9ABF7}.Debug|Any CPU.Build.0 = Debug|Any CPU
		{5FA14375-569F-4DFB-A5CA-DB3148F9ABF7}.Release|Any CPU.ActiveCfg = Release|Any CPU
		{5FA14375-569F-4DFB-A5CA-DB3148F9ABF7}.Release|Any CPU.Build.0 = Release|Any CPU
	EndGlobalSection
	GlobalSection(SolutionProperties) = preSolution
		HideSolutionNode = FALSE
	EndGlobalSection
	GlobalSection(ExtensibilityGlobals) = postSolution
		SolutionGuid = {4990CA67-6AFA-4E61-8CF9-5EFCA93A91A8}
	EndGlobalSection
EndGlobal
